
Microsoft Visual Studio Solution File, Format Version 12.00
# Visual Studio Version 16
VisualStudioVersion = 16.0.30204.135
MinimumVisualStudioVersion = 10.0.40219.1
Project("{9A19103F-16F7-4668-BE54-9A1E7A4F7556}") = "Program", "Program.csproj", "{1D008951-3711-4F17-9E5F-E280F1592D15}"
EndProject
Project("{9A19103F-16F7-4668-BE54-9A1E7A4F7556}") = "Library", "..\Library\Library.csproj", "{8A021A50-AD45-4FDE-B6F0-1497A26ED610}"
EndProject
Global
	GlobalSection(SolutionConfigurationPlatforms) = preSolution
		Debug|Any CPU = Debug|Any CPU
		Release|Any CPU = Release|Any CPU
	EndGlobalSection
	GlobalSection(ProjectConfigurationPlatforms) = postSolution
		{1D008951-3711-4F17-9E5F-E280F1592D15}.Debug|Any CPU.ActiveCfg = Debug|Any CPU
		{1D008951-3711-4F17-9E5F-E280F1592D15}.Debug|Any CPU.Build.0 = Debug|Any CPU
		{1D008951-3711-4F17-9E5F-E280F1592D15}.Release|Any CPU.ActiveCfg = Release|Any CPU
		{1D008951-3711-4F17-9E5F-E280F1592D15}.Release|Any CPU.Build.0 = Release|Any CPU
		{8A021A50-AD45-4FDE-B6F0-1497A26ED610}.Debug|Any CPU.ActiveCfg = Debug|Any CPU
		{8A021A50-AD45-4FDE-B6F0-1497A26ED610}.Debug|Any CPU.Build.0 = Debug|Any CPU
		{8A021A50-AD45-4FDE-B6F0-1497A26ED610}.Release|Any CPU.ActiveCfg = Release|Any CPU
		{8A021A50-AD45-4FDE-B6F0-1497A26ED610}.Release|Any CPU.Build.0 = Release|Any CPU
	EndGlobalSection
	GlobalSection(SolutionProperties) = preSolution
		HideSolutionNode = FALSE
	EndGlobalSection
	GlobalSection(ExtensibilityGlobals) = postSolution
		SolutionGuid = {AB71899C-0B2C-40C9-8615-C356C4B61DAC}
	EndGlobalSection
EndGlobal
